{
  "requires": true,
  "lockfileVersion": 1,
  "dependencies": {
    "bootstrap": {
      "version": "4.1.1",
      "resolved": "https://registry.npmjs.org/bootstrap/-/bootstrap-4.1.1.tgz",
      "integrity": "sha512-SpiDSOcbg4J/PjVSt4ny5eY6j74VbVSjROY4Fb/WIUXBV9cnb5luyR4KnPvNoXuGnBK1T+nJIWqRsvU3yP8Mcg=="
    },
    "yarn": {
      "version": "1.7.0",
      "resolved": "https://registry.npmjs.org/yarn/-/yarn-1.7.0.tgz",
      "integrity": "sha1-AHa5/eYBDgGVBSamCbxTvBde+SU="
    }
  }
}
